
Microsoft Visual Studio Solution File, Format Version 12.00
# Visual Studio 14
VisualStudioVersion = 14.0.25420.1
MinimumVisualStudioVersion = 10.0.40219.1
Project("{FAE04EC0-301F-11D3-BF4B-00C04F79EFBC}") = "TailspinToys.Web", "TailspinToys.Web\TailspinToys.Web.csproj", "{16054560-EF91-4651-AC90-619652945588}"
EndProject
Project("{FAE04EC0-301F-11D3-BF4B-00C04F79EFBC}") = "TailspinToys.Web.Tests", "TailspinToys.Web.Tests\TailspinToys.Web.Tests.csproj", "{AC4AE4FB-A488-47A2-83D2-C0EFC245C899}"
EndProject
Global
	GlobalSection(SolutionConfigurationPlatforms) = preSolution
		Debug|Any CPU = Debug|Any CPU
		Release|Any CPU = Release|Any CPU
	EndGlobalSection
	GlobalSection(ProjectConfigurationPlatforms) = postSolution
		{16054560-EF91-4651-AC90-619652945588}.Debug|Any CPU.ActiveCfg = Debug|Any CPU
		{16054560-EF91-4651-AC90-619652945588}.Debug|Any CPU.Build.0 = Debug|Any CPU
		{16054560-EF91-4651-AC90-619652945588}.Release|Any CPU.ActiveCfg = Release|Any CPU
		{16054560-EF91-4651-AC90-619652945588}.Release|Any CPU.Build.0 = Release|Any CPU
		{AC4AE4FB-A488-47A2-83D2-C0EFC245C899}.Debug|Any CPU.ActiveCfg = Debug|Any CPU
		{AC4AE4FB-A488-47A2-83D2-C0EFC245C899}.Debug|Any CPU.Build.0 = Debug|Any CPU
		{AC4AE4FB-A488-47A2-83D2-C0EFC245C899}.Release|Any CPU.ActiveCfg = Release|Any CPU
		{AC4AE4FB-A488-47A2-83D2-C0EFC245C899}.Release|Any CPU.Build.0 = Release|Any CPU
	EndGlobalSection
	GlobalSection(SolutionProperties) = preSolution
		HideSolutionNode = FALSE
	EndGlobalSection
EndGlobal
